
Microsoft Visual Studio Solution File, Format Version 11.00
# Visual C++ Express 2010
Project("{8BC9CEB8-8B4A-11D0-8D11-00A0C91BC942}") = "love", "love.vcxproj", "{B496CCF6-9B6D-0794-8F41-67A6EC86B4AA}"
	ProjectSection(ProjectDependencies) = postProject
		{A3FCC735-3E18-4D6B-9DA9-01D9E910B7F8} = {A3FCC735-3E18-4D6B-9DA9-01D9E910B7F8}
	EndProjectSection
EndProject
Project("{8BC9CEB8-8B4A-11D0-8D11-00A0C91BC942}") = "liblove", "liblove.vcxproj", "{A3FCC735-3E18-4D6B-9DA9-01D9E910B7F8}"
EndProject
Global
	GlobalSection(SolutionConfigurationPlatforms) = preSolution
		Debug MD|Win32 = Debug MD|Win32
		Debug MD|x64 = Debug MD|x64
		Release MD|Win32 = Release MD|Win32
		Release MD|x64 = Release MD|x64
		Release MT|Win32 = Release MT|Win32
		Release MT|x64 = Release MT|x64
	EndGlobalSection
	GlobalSection(ProjectConfigurationPlatforms) = postSolution
		{B496CCF6-9B6D-0794-8F41-67A6EC86B4AA}.Debug MD|Win32.ActiveCfg = Debug Dynamic|Win32
		{B496CCF6-9B6D-0794-8F41-67A6EC86B4AA}.Debug MD|Win32.Build.0 = Debug Dynamic|Win32
		{B496CCF6-9B6D-0794-8F41-67A6EC86B4AA}.Debug MD|x64.ActiveCfg = Debug Dynamic|x64
		{B496CCF6-9B6D-0794-8F41-67A6EC86B4AA}.Release MD|Win32.ActiveCfg = Release Dynamic|Win32
		{B496CCF6-9B6D-0794-8F41-67A6EC86B4AA}.Release MD|Win32.Build.0 = Release Dynamic|Win32
		{B496CCF6-9B6D-0794-8F41-67A6EC86B4AA}.Release MD|x64.ActiveCfg = Release Dynamic|x64
		{B496CCF6-9B6D-0794-8F41-67A6EC86B4AA}.Release MD|x64.Build.0 = Release Dynamic|x64
		{B496CCF6-9B6D-0794-8F41-67A6EC86B4AA}.Release MT|Win32.ActiveCfg = Release Static|Win32
		{B496CCF6-9B6D-0794-8F41-67A6EC86B4AA}.Release MT|Win32.Build.0 = Release Static|Win32
		{B496CCF6-9B6D-0794-8F41-67A6EC86B4AA}.Release MT|x64.ActiveCfg = Release Static|x64
		{B496CCF6-9B6D-0794-8F41-67A6EC86B4AA}.Release MT|x64.Build.0 = Release Static|x64
		{A3FCC735-3E18-4D6B-9DA9-01D9E910B7F8}.Debug MD|Win32.ActiveCfg = Debug Dynamic|Win32
		{A3FCC735-3E18-4D6B-9DA9-01D9E910B7F8}.Debug MD|Win32.Build.0 = Debug Dynamic|Win32
		{A3FCC735-3E18-4D6B-9DA9-01D9E910B7F8}.Debug MD|x64.ActiveCfg = Debug Dynamic|x64
		{A3FCC735-3E18-4D6B-9DA9-01D9E910B7F8}.Release MD|Win32.ActiveCfg = Release Dynamic|Win32
		{A3FCC735-3E18-4D6B-9DA9-01D9E910B7F8}.Release MD|Win32.Build.0 = Release Dynamic|Win32
		{A3FCC735-3E18-4D6B-9DA9-01D9E910B7F8}.Release MD|x64.ActiveCfg = Release Dynamic|x64
		{A3FCC735-3E18-4D6B-9DA9-01D9E910B7F8}.Release MD|x64.Build.0 = Release Dynamic|x64
		{A3FCC735-3E18-4D6B-9DA9-01D9E910B7F8}.Release MT|Win32.ActiveCfg = Release Static|Win32
		{A3FCC735-3E18-4D6B-9DA9-01D9E910B7F8}.Release MT|Win32.Build.0 = Release Static|Win32
		{A3FCC735-3E18-4D6B-9DA9-01D9E910B7F8}.Release MT|x64.ActiveCfg = Release Static|x64
		{A3FCC735-3E18-4D6B-9DA9-01D9E910B7F8}.Release MT|x64.Build.0 = Release Static|x64
	EndGlobalSection
	GlobalSection(SolutionProperties) = preSolution
		HideSolutionNode = FALSE
	EndGlobalSection
EndGlobal
