
Microsoft Visual Studio Solution File, Format Version 10.00
# Visual C++ Express 2008
Project("{8BC9CEB8-8B4A-11D0-8D11-00A0C91BC942}") = "reshax", "reshax.vcproj", "{B47E7C85-A0CF-4A14-BBB0-EA64BDDA9981}"
EndProject
Global
	GlobalSection(SolutionConfigurationPlatforms) = preSolution
		Debug|Win32 = Debug|Win32
		Release|Win32 = Release|Win32
	EndGlobalSection
	GlobalSection(ProjectConfigurationPlatforms) = postSolution
		{B47E7C85-A0CF-4A14-BBB0-EA64BDDA9981}.Debug|Win32.ActiveCfg = Debug|Win32
		{B47E7C85-A0CF-4A14-BBB0-EA64BDDA9981}.Debug|Win32.Build.0 = Debug|Win32
		{B47E7C85-A0CF-4A14-BBB0-EA64BDDA9981}.Release|Win32.ActiveCfg = Release|Win32
		{B47E7C85-A0CF-4A14-BBB0-EA64BDDA9981}.Release|Win32.Build.0 = Release|Win32
	EndGlobalSection
	GlobalSection(SolutionProperties) = preSolution
		HideSolutionNode = FALSE
	EndGlobalSection
EndGlobal
