
Microsoft Visual Studio Solution File, Format Version 10.00
# Visual C++ Express 2008
Project("{8BC9CEB8-8B4A-11D0-8D11-00A0C91BC942}") = "audio", "audio\audio.vcproj", "{1E405CDD-5FD7-42E0-BCF1-147305DA3EA0}"
	ProjectSection(ProjectDependencies) = postProject
		{8273822F-45A4-4BE3-82F3-B8B3223C578C} = {8273822F-45A4-4BE3-82F3-B8B3223C578C}
		{3D59D1E2-2682-4317-BB8D-D85E9BBC02E3} = {3D59D1E2-2682-4317-BB8D-D85E9BBC02E3}
	EndProjectSection
EndProject
Project("{8BC9CEB8-8B4A-11D0-8D11-00A0C91BC942}") = "common", "common\common.vcproj", "{8273822F-45A4-4BE3-82F3-B8B3223C578C}"
EndProject
Project("{8BC9CEB8-8B4A-11D0-8D11-00A0C91BC942}") = "filesystem", "filesystem\filesystem.vcproj", "{0A2BDA60-43BB-4837-921A-2E4955FD8AEC}"
	ProjectSection(ProjectDependencies) = postProject
		{8273822F-45A4-4BE3-82F3-B8B3223C578C} = {8273822F-45A4-4BE3-82F3-B8B3223C578C}
	EndProjectSection
EndProject
Project("{8BC9CEB8-8B4A-11D0-8D11-00A0C91BC942}") = "event", "event\event.vcproj", "{62C66448-36CB-4350-9D6E-02F49F05EDB4}"
	ProjectSection(ProjectDependencies) = postProject
		{8273822F-45A4-4BE3-82F3-B8B3223C578C} = {8273822F-45A4-4BE3-82F3-B8B3223C578C}
	EndProjectSection
EndProject
Project("{8BC9CEB8-8B4A-11D0-8D11-00A0C91BC942}") = "image", "image\image.vcproj", "{55F35AEA-2D84-4A39-BF98-505106A15FF7}"
	ProjectSection(ProjectDependencies) = postProject
		{8273822F-45A4-4BE3-82F3-B8B3223C578C} = {8273822F-45A4-4BE3-82F3-B8B3223C578C}
		{0A2BDA60-43BB-4837-921A-2E4955FD8AEC} = {0A2BDA60-43BB-4837-921A-2E4955FD8AEC}
	EndProjectSection
EndProject
Project("{8BC9CEB8-8B4A-11D0-8D11-00A0C91BC942}") = "joystick", "joystick\joystick.vcproj", "{C6C174AC-B339-4A39-A353-CFF523327B53}"
	ProjectSection(ProjectDependencies) = postProject
		{8273822F-45A4-4BE3-82F3-B8B3223C578C} = {8273822F-45A4-4BE3-82F3-B8B3223C578C}
	EndProjectSection
EndProject
Project("{8BC9CEB8-8B4A-11D0-8D11-00A0C91BC942}") = "keyboard", "keyboard\keyboard.vcproj", "{F84CE42B-BBA4-4E32-824B-1F2CAD9236C3}"
	ProjectSection(ProjectDependencies) = postProject
		{8273822F-45A4-4BE3-82F3-B8B3223C578C} = {8273822F-45A4-4BE3-82F3-B8B3223C578C}
	EndProjectSection
EndProject
Project("{8BC9CEB8-8B4A-11D0-8D11-00A0C91BC942}") = "lua", "lua\lua.vcproj", "{892D9BD8-F38E-40BC-B4E1-FAEBD59AECDE}"
EndProject
Project("{8BC9CEB8-8B4A-11D0-8D11-00A0C91BC942}") = "mouse", "mouse\mouse.vcproj", "{88881251-6818-485E-A262-DE1283096589}"
	ProjectSection(ProjectDependencies) = postProject
		{8273822F-45A4-4BE3-82F3-B8B3223C578C} = {8273822F-45A4-4BE3-82F3-B8B3223C578C}
	EndProjectSection
EndProject
Project("{8BC9CEB8-8B4A-11D0-8D11-00A0C91BC942}") = "physics", "physics\physics.vcproj", "{39CDF8C8-016D-423E-94BA-7DD798CF0E15}"
	ProjectSection(ProjectDependencies) = postProject
		{8273822F-45A4-4BE3-82F3-B8B3223C578C} = {8273822F-45A4-4BE3-82F3-B8B3223C578C}
	EndProjectSection
EndProject
Project("{8BC9CEB8-8B4A-11D0-8D11-00A0C91BC942}") = "sound", "sound\sound.vcproj", "{3D59D1E2-2682-4317-BB8D-D85E9BBC02E3}"
	ProjectSection(ProjectDependencies) = postProject
		{8273822F-45A4-4BE3-82F3-B8B3223C578C} = {8273822F-45A4-4BE3-82F3-B8B3223C578C}
		{0A2BDA60-43BB-4837-921A-2E4955FD8AEC} = {0A2BDA60-43BB-4837-921A-2E4955FD8AEC}
	EndProjectSection
EndProject
Project("{8BC9CEB8-8B4A-11D0-8D11-00A0C91BC942}") = "timer", "timer\timer.vcproj", "{3DFF2849-C47D-4251-B2AC-E60EDBC29511}"
	ProjectSection(ProjectDependencies) = postProject
		{8273822F-45A4-4BE3-82F3-B8B3223C578C} = {8273822F-45A4-4BE3-82F3-B8B3223C578C}
	EndProjectSection
EndProject
Project("{8BC9CEB8-8B4A-11D0-8D11-00A0C91BC942}") = "graphics", "graphics\graphics.vcproj", "{8A97E9E7-8C48-4C33-A3ED-31487FE58E9E}"
	ProjectSection(ProjectDependencies) = postProject
		{8273822F-45A4-4BE3-82F3-B8B3223C578C} = {8273822F-45A4-4BE3-82F3-B8B3223C578C}
		{55F35AEA-2D84-4A39-BF98-505106A15FF7} = {55F35AEA-2D84-4A39-BF98-505106A15FF7}
	EndProjectSection
EndProject
Project("{8BC9CEB8-8B4A-11D0-8D11-00A0C91BC942}") = "font", "font\font.vcproj", "{0E3ACF52-EEB5-4E35-8631-43B3E9F4577E}"
	ProjectSection(ProjectDependencies) = postProject
		{8273822F-45A4-4BE3-82F3-B8B3223C578C} = {8273822F-45A4-4BE3-82F3-B8B3223C578C}
		{0A2BDA60-43BB-4837-921A-2E4955FD8AEC} = {0A2BDA60-43BB-4837-921A-2E4955FD8AEC}
	EndProjectSection
EndProject
Project("{8BC9CEB8-8B4A-11D0-8D11-00A0C91BC942}") = "love", "love.vcproj", "{F2FDC53D-1ECD-4CF1-BA3F-3E59A2484DB9}"
EndProject
Project("{8BC9CEB8-8B4A-11D0-8D11-00A0C91BC942}") = "lovedll", "lovedll\lovedll.vcproj", "{2863FF8A-153F-46E0-8E71-2E58F3809E9B}"
	ProjectSection(ProjectDependencies) = postProject
		{8273822F-45A4-4BE3-82F3-B8B3223C578C} = {8273822F-45A4-4BE3-82F3-B8B3223C578C}
	EndProjectSection
EndProject
Project("{8BC9CEB8-8B4A-11D0-8D11-00A0C91BC942}") = "thread", "thread\thread.vcproj", "{0BD34470-EB9D-4D37-A398-F46FC97C017A}"
	ProjectSection(ProjectDependencies) = postProject
		{8273822F-45A4-4BE3-82F3-B8B3223C578C} = {8273822F-45A4-4BE3-82F3-B8B3223C578C}
	EndProjectSection
EndProject
Global
	GlobalSection(SolutionConfigurationPlatforms) = preSolution
		Debug|Win32 = Debug|Win32
		Release|Win32 = Release|Win32
	EndGlobalSection
	GlobalSection(ProjectConfigurationPlatforms) = postSolution
		{1E405CDD-5FD7-42E0-BCF1-147305DA3EA0}.Debug|Win32.ActiveCfg = Debug|Win32
		{1E405CDD-5FD7-42E0-BCF1-147305DA3EA0}.Debug|Win32.Build.0 = Debug|Win32
		{1E405CDD-5FD7-42E0-BCF1-147305DA3EA0}.Release|Win32.ActiveCfg = Release|Win32
		{1E405CDD-5FD7-42E0-BCF1-147305DA3EA0}.Release|Win32.Build.0 = Release|Win32
		{8273822F-45A4-4BE3-82F3-B8B3223C578C}.Debug|Win32.ActiveCfg = Debug|Win32
		{8273822F-45A4-4BE3-82F3-B8B3223C578C}.Debug|Win32.Build.0 = Debug|Win32
		{8273822F-45A4-4BE3-82F3-B8B3223C578C}.Release|Win32.ActiveCfg = Release|Win32
		{8273822F-45A4-4BE3-82F3-B8B3223C578C}.Release|Win32.Build.0 = Release|Win32
		{0A2BDA60-43BB-4837-921A-2E4955FD8AEC}.Debug|Win32.ActiveCfg = Debug|Win32
		{0A2BDA60-43BB-4837-921A-2E4955FD8AEC}.Debug|Win32.Build.0 = Debug|Win32
		{0A2BDA60-43BB-4837-921A-2E4955FD8AEC}.Release|Win32.ActiveCfg = Release|Win32
		{0A2BDA60-43BB-4837-921A-2E4955FD8AEC}.Release|Win32.Build.0 = Release|Win32
		{62C66448-36CB-4350-9D6E-02F49F05EDB4}.Debug|Win32.ActiveCfg = Debug|Win32
		{62C66448-36CB-4350-9D6E-02F49F05EDB4}.Debug|Win32.Build.0 = Debug|Win32
		{62C66448-36CB-4350-9D6E-02F49F05EDB4}.Release|Win32.ActiveCfg = Release|Win32
		{62C66448-36CB-4350-9D6E-02F49F05EDB4}.Release|Win32.Build.0 = Release|Win32
		{55F35AEA-2D84-4A39-BF98-505106A15FF7}.Debug|Win32.ActiveCfg = Debug|Win32
		{55F35AEA-2D84-4A39-BF98-505106A15FF7}.Debug|Win32.Build.0 = Debug|Win32
		{55F35AEA-2D84-4A39-BF98-505106A15FF7}.Release|Win32.ActiveCfg = Release|Win32
		{55F35AEA-2D84-4A39-BF98-505106A15FF7}.Release|Win32.Build.0 = Release|Win32
		{C6C174AC-B339-4A39-A353-CFF523327B53}.Debug|Win32.ActiveCfg = Debug|Win32
		{C6C174AC-B339-4A39-A353-CFF523327B53}.Debug|Win32.Build.0 = Debug|Win32
		{C6C174AC-B339-4A39-A353-CFF523327B53}.Release|Win32.ActiveCfg = Release|Win32
		{C6C174AC-B339-4A39-A353-CFF523327B53}.Release|Win32.Build.0 = Release|Win32
		{F84CE42B-BBA4-4E32-824B-1F2CAD9236C3}.Debug|Win32.ActiveCfg = Debug|Win32
		{F84CE42B-BBA4-4E32-824B-1F2CAD9236C3}.Debug|Win32.Build.0 = Debug|Win32
		{F84CE42B-BBA4-4E32-824B-1F2CAD9236C3}.Release|Win32.ActiveCfg = Release|Win32
		{F84CE42B-BBA4-4E32-824B-1F2CAD9236C3}.Release|Win32.Build.0 = Release|Win32
		{892D9BD8-F38E-40BC-B4E1-FAEBD59AECDE}.Debug|Win32.ActiveCfg = Debug|Win32
		{892D9BD8-F38E-40BC-B4E1-FAEBD59AECDE}.Debug|Win32.Build.0 = Debug|Win32
		{892D9BD8-F38E-40BC-B4E1-FAEBD59AECDE}.Release|Win32.ActiveCfg = Release|Win32
		{892D9BD8-F38E-40BC-B4E1-FAEBD59AECDE}.Release|Win32.Build.0 = Release|Win32
		{88881251-6818-485E-A262-DE1283096589}.Debug|Win32.ActiveCfg = Debug|Win32
		{88881251-6818-485E-A262-DE1283096589}.Debug|Win32.Build.0 = Debug|Win32
		{88881251-6818-485E-A262-DE1283096589}.Release|Win32.ActiveCfg = Release|Win32
		{88881251-6818-485E-A262-DE1283096589}.Release|Win32.Build.0 = Release|Win32
		{39CDF8C8-016D-423E-94BA-7DD798CF0E15}.Debug|Win32.ActiveCfg = Debug|Win32
		{39CDF8C8-016D-423E-94BA-7DD798CF0E15}.Debug|Win32.Build.0 = Debug|Win32
		{39CDF8C8-016D-423E-94BA-7DD798CF0E15}.Release|Win32.ActiveCfg = Release|Win32
		{39CDF8C8-016D-423E-94BA-7DD798CF0E15}.Release|Win32.Build.0 = Release|Win32
		{3D59D1E2-2682-4317-BB8D-D85E9BBC02E3}.Debug|Win32.ActiveCfg = Debug|Win32
		{3D59D1E2-2682-4317-BB8D-D85E9BBC02E3}.Debug|Win32.Build.0 = Debug|Win32
		{3D59D1E2-2682-4317-BB8D-D85E9BBC02E3}.Release|Win32.ActiveCfg = Release|Win32
		{3D59D1E2-2682-4317-BB8D-D85E9BBC02E3}.Release|Win32.Build.0 = Release|Win32
		{3DFF2849-C47D-4251-B2AC-E60EDBC29511}.Debug|Win32.ActiveCfg = Debug|Win32
		{3DFF2849-C47D-4251-B2AC-E60EDBC29511}.Debug|Win32.Build.0 = Debug|Win32
		{3DFF2849-C47D-4251-B2AC-E60EDBC29511}.Release|Win32.ActiveCfg = Release|Win32
		{3DFF2849-C47D-4251-B2AC-E60EDBC29511}.Release|Win32.Build.0 = Release|Win32
		{8A97E9E7-8C48-4C33-A3ED-31487FE58E9E}.Debug|Win32.ActiveCfg = Debug|Win32
		{8A97E9E7-8C48-4C33-A3ED-31487FE58E9E}.Debug|Win32.Build.0 = Debug|Win32
		{8A97E9E7-8C48-4C33-A3ED-31487FE58E9E}.Release|Win32.ActiveCfg = Release|Win32
		{8A97E9E7-8C48-4C33-A3ED-31487FE58E9E}.Release|Win32.Build.0 = Release|Win32
		{0E3ACF52-EEB5-4E35-8631-43B3E9F4577E}.Debug|Win32.ActiveCfg = Debug|Win32
		{0E3ACF52-EEB5-4E35-8631-43B3E9F4577E}.Debug|Win32.Build.0 = Debug|Win32
		{0E3ACF52-EEB5-4E35-8631-43B3E9F4577E}.Release|Win32.ActiveCfg = Release|Win32
		{0E3ACF52-EEB5-4E35-8631-43B3E9F4577E}.Release|Win32.Build.0 = Release|Win32
		{F2FDC53D-1ECD-4CF1-BA3F-3E59A2484DB9}.Debug|Win32.ActiveCfg = Debug|Win32
		{F2FDC53D-1ECD-4CF1-BA3F-3E59A2484DB9}.Debug|Win32.Build.0 = Debug|Win32
		{F2FDC53D-1ECD-4CF1-BA3F-3E59A2484DB9}.Release|Win32.ActiveCfg = Release|Win32
		{F2FDC53D-1ECD-4CF1-BA3F-3E59A2484DB9}.Release|Win32.Build.0 = Release|Win32
		{2863FF8A-153F-46E0-8E71-2E58F3809E9B}.Debug|Win32.ActiveCfg = Debug|Win32
		{2863FF8A-153F-46E0-8E71-2E58F3809E9B}.Debug|Win32.Build.0 = Debug|Win32
		{2863FF8A-153F-46E0-8E71-2E58F3809E9B}.Release|Win32.ActiveCfg = Release|Win32
		{2863FF8A-153F-46E0-8E71-2E58F3809E9B}.Release|Win32.Build.0 = Release|Win32
		{0BD34470-EB9D-4D37-A398-F46FC97C017A}.Debug|Win32.ActiveCfg = Debug|Win32
		{0BD34470-EB9D-4D37-A398-F46FC97C017A}.Debug|Win32.Build.0 = Debug|Win32
		{0BD34470-EB9D-4D37-A398-F46FC97C017A}.Release|Win32.ActiveCfg = Release|Win32
		{0BD34470-EB9D-4D37-A398-F46FC97C017A}.Release|Win32.Build.0 = Release|Win32
	EndGlobalSection
	GlobalSection(SolutionProperties) = preSolution
		HideSolutionNode = FALSE
	EndGlobalSection
EndGlobal
