
Microsoft Visual Studio Solution File, Format Version 10.00
# Visual C++ Express 2008
Project("{8BC9CEB8-8B4A-11D0-8D11-00A0C91BC942}") = "audio", "audio.vcproj", "{748D2825-CD99-2CE1-5460-82B2C74017F3}"
	ProjectSection(ProjectDependencies) = postProject
		{8273822F-45A4-4BE3-82F3-B8B3223C578C} = {8273822F-45A4-4BE3-82F3-B8B3223C578C}
	EndProjectSection
EndProject
Project("{8BC9CEB8-8B4A-11D0-8D11-00A0C91BC942}") = "common", "common.vcproj", "{8273822F-45A4-4BE3-82F3-B8B3223C578C}"
EndProject
Project("{8BC9CEB8-8B4A-11D0-8D11-00A0C91BC942}") = "filesystem", "filesystem.vcproj", "{CBAD7A48-38A2-A59C-94DF-610079E1BF09}"
	ProjectSection(ProjectDependencies) = postProject
		{8273822F-45A4-4BE3-82F3-B8B3223C578C} = {8273822F-45A4-4BE3-82F3-B8B3223C578C}
	EndProjectSection
EndProject
Project("{8BC9CEB8-8B4A-11D0-8D11-00A0C91BC942}") = "event", "event.vcproj", "{BFE86F17-5EDC-6666-E655-9FDF3BFC78DE}"
	ProjectSection(ProjectDependencies) = postProject
		{8273822F-45A4-4BE3-82F3-B8B3223C578C} = {8273822F-45A4-4BE3-82F3-B8B3223C578C}
	EndProjectSection
EndProject
Project("{8BC9CEB8-8B4A-11D0-8D11-00A0C91BC942}") = "font", "font.vcproj", "{4ECA919A-7534-771E-6F96-A2E081696733}"
	ProjectSection(ProjectDependencies) = postProject
		{8273822F-45A4-4BE3-82F3-B8B3223C578C} = {8273822F-45A4-4BE3-82F3-B8B3223C578C}
		{CBAD7A48-38A2-A59C-94DF-610079E1BF09} = {CBAD7A48-38A2-A59C-94DF-610079E1BF09}
	EndProjectSection
EndProject
Project("{8BC9CEB8-8B4A-11D0-8D11-00A0C91BC942}") = "image", "image.vcproj", "{E7C66EE0-27CA-CB59-843C-D22A74FBF081}"
	ProjectSection(ProjectDependencies) = postProject
		{8273822F-45A4-4BE3-82F3-B8B3223C578C} = {8273822F-45A4-4BE3-82F3-B8B3223C578C}
	EndProjectSection
EndProject
Project("{8BC9CEB8-8B4A-11D0-8D11-00A0C91BC942}") = "joystick", "joystick.vcproj", "{3DEEF125-C64B-88DB-B874-E03C54BF6ED4}"
	ProjectSection(ProjectDependencies) = postProject
		{8273822F-45A4-4BE3-82F3-B8B3223C578C} = {8273822F-45A4-4BE3-82F3-B8B3223C578C}
	EndProjectSection
EndProject
Project("{8BC9CEB8-8B4A-11D0-8D11-00A0C91BC942}") = "keyboard", "keyboard.vcproj", "{4D206ABC-7DBF-7BD9-E1A6-DB4B482A6594}"
	ProjectSection(ProjectDependencies) = postProject
		{8273822F-45A4-4BE3-82F3-B8B3223C578C} = {8273822F-45A4-4BE3-82F3-B8B3223C578C}
	EndProjectSection
EndProject
Project("{8BC9CEB8-8B4A-11D0-8D11-00A0C91BC942}") = "mouse", "mouse.vcproj", "{90A56CF7-4A89-4192-1781-088524DE0821}"
	ProjectSection(ProjectDependencies) = postProject
		{8273822F-45A4-4BE3-82F3-B8B3223C578C} = {8273822F-45A4-4BE3-82F3-B8B3223C578C}
	EndProjectSection
EndProject
Project("{8BC9CEB8-8B4A-11D0-8D11-00A0C91BC942}") = "native", "native.vcproj", "{7DB2DEFC-2719-36B7-ECD5-F18CC7098E90}"
	ProjectSection(ProjectDependencies) = postProject
		{8273822F-45A4-4BE3-82F3-B8B3223C578C} = {8273822F-45A4-4BE3-82F3-B8B3223C578C}
	EndProjectSection
EndProject
Project("{8BC9CEB8-8B4A-11D0-8D11-00A0C91BC942}") = "physics", "physics.vcproj", "{02BEFB19-AACF-9B73-CE6E-9FA8BB4B714F}"
	ProjectSection(ProjectDependencies) = postProject
		{8273822F-45A4-4BE3-82F3-B8B3223C578C} = {8273822F-45A4-4BE3-82F3-B8B3223C578C}
	EndProjectSection
EndProject
Project("{8BC9CEB8-8B4A-11D0-8D11-00A0C91BC942}") = "graphics", "graphics.vcproj", "{997E4E23-3ADA-7DC0-272E-AD605DAA78C1}"
	ProjectSection(ProjectDependencies) = postProject
		{8273822F-45A4-4BE3-82F3-B8B3223C578C} = {8273822F-45A4-4BE3-82F3-B8B3223C578C}
		{4ECA919A-7534-771E-6F96-A2E081696733} = {4ECA919A-7534-771E-6F96-A2E081696733}
		{E7C66EE0-27CA-CB59-843C-D22A74FBF081} = {E7C66EE0-27CA-CB59-843C-D22A74FBF081}
		{CBAD7A48-38A2-A59C-94DF-610079E1BF09} = {CBAD7A48-38A2-A59C-94DF-610079E1BF09}
	EndProjectSection
EndProject
Project("{8BC9CEB8-8B4A-11D0-8D11-00A0C91BC942}") = "sound", "sound.vcproj", "{1ADE4D43-4F17-3395-1427-E19944F1AE41}"
	ProjectSection(ProjectDependencies) = postProject
		{8273822F-45A4-4BE3-82F3-B8B3223C578C} = {8273822F-45A4-4BE3-82F3-B8B3223C578C}
		{CBAD7A48-38A2-A59C-94DF-610079E1BF09} = {CBAD7A48-38A2-A59C-94DF-610079E1BF09}
	EndProjectSection
EndProject
Project("{8BC9CEB8-8B4A-11D0-8D11-00A0C91BC942}") = "timer", "timer.vcproj", "{49828534-328F-F253-C0DA-85A691B4312E}"
	ProjectSection(ProjectDependencies) = postProject
		{8273822F-45A4-4BE3-82F3-B8B3223C578C} = {8273822F-45A4-4BE3-82F3-B8B3223C578C}
	EndProjectSection
EndProject
Project("{8BC9CEB8-8B4A-11D0-8D11-00A0C91BC942}") = "lua", "lua.vcproj", "{892D9BD8-F38E-40BC-B4E1-FAEBD59AECDE}"
EndProject
Project("{8BC9CEB8-8B4A-11D0-8D11-00A0C91BC942}") = "love", "love.vcproj", "{F2FDC53D-1ECD-4CF1-BA3F-3E59A2484DB9}"
EndProject
Global
	GlobalSection(SolutionConfigurationPlatforms) = preSolution
		Debug|Win32 = Debug|Win32
		Release|Win32 = Release|Win32
	EndGlobalSection
	GlobalSection(ProjectConfigurationPlatforms) = postSolution
		{748D2825-CD99-2CE1-5460-82B2C74017F3}.Debug|Win32.ActiveCfg = Debug|Win32
		{748D2825-CD99-2CE1-5460-82B2C74017F3}.Debug|Win32.Build.0 = Debug|Win32
		{748D2825-CD99-2CE1-5460-82B2C74017F3}.Release|Win32.ActiveCfg = Release|Win32
		{748D2825-CD99-2CE1-5460-82B2C74017F3}.Release|Win32.Build.0 = Release|Win32
		{8273822F-45A4-4BE3-82F3-B8B3223C578C}.Debug|Win32.ActiveCfg = Debug|Win32
		{8273822F-45A4-4BE3-82F3-B8B3223C578C}.Debug|Win32.Build.0 = Debug|Win32
		{8273822F-45A4-4BE3-82F3-B8B3223C578C}.Release|Win32.ActiveCfg = Release|Win32
		{8273822F-45A4-4BE3-82F3-B8B3223C578C}.Release|Win32.Build.0 = Release|Win32
		{CBAD7A48-38A2-A59C-94DF-610079E1BF09}.Debug|Win32.ActiveCfg = Debug|Win32
		{CBAD7A48-38A2-A59C-94DF-610079E1BF09}.Debug|Win32.Build.0 = Debug|Win32
		{CBAD7A48-38A2-A59C-94DF-610079E1BF09}.Release|Win32.ActiveCfg = Release|Win32
		{CBAD7A48-38A2-A59C-94DF-610079E1BF09}.Release|Win32.Build.0 = Release|Win32
		{BFE86F17-5EDC-6666-E655-9FDF3BFC78DE}.Debug|Win32.ActiveCfg = Debug|Win32
		{BFE86F17-5EDC-6666-E655-9FDF3BFC78DE}.Debug|Win32.Build.0 = Debug|Win32
		{BFE86F17-5EDC-6666-E655-9FDF3BFC78DE}.Release|Win32.ActiveCfg = Release|Win32
		{BFE86F17-5EDC-6666-E655-9FDF3BFC78DE}.Release|Win32.Build.0 = Release|Win32
		{4ECA919A-7534-771E-6F96-A2E081696733}.Debug|Win32.ActiveCfg = Debug|Win32
		{4ECA919A-7534-771E-6F96-A2E081696733}.Debug|Win32.Build.0 = Debug|Win32
		{4ECA919A-7534-771E-6F96-A2E081696733}.Release|Win32.ActiveCfg = Release|Win32
		{4ECA919A-7534-771E-6F96-A2E081696733}.Release|Win32.Build.0 = Release|Win32
		{E7C66EE0-27CA-CB59-843C-D22A74FBF081}.Debug|Win32.ActiveCfg = Debug|Win32
		{E7C66EE0-27CA-CB59-843C-D22A74FBF081}.Debug|Win32.Build.0 = Debug|Win32
		{E7C66EE0-27CA-CB59-843C-D22A74FBF081}.Release|Win32.ActiveCfg = Release|Win32
		{E7C66EE0-27CA-CB59-843C-D22A74FBF081}.Release|Win32.Build.0 = Release|Win32
		{3DEEF125-C64B-88DB-B874-E03C54BF6ED4}.Debug|Win32.ActiveCfg = Debug|Win32
		{3DEEF125-C64B-88DB-B874-E03C54BF6ED4}.Debug|Win32.Build.0 = Debug|Win32
		{3DEEF125-C64B-88DB-B874-E03C54BF6ED4}.Release|Win32.ActiveCfg = Release|Win32
		{3DEEF125-C64B-88DB-B874-E03C54BF6ED4}.Release|Win32.Build.0 = Release|Win32
		{4D206ABC-7DBF-7BD9-E1A6-DB4B482A6594}.Debug|Win32.ActiveCfg = Debug|Win32
		{4D206ABC-7DBF-7BD9-E1A6-DB4B482A6594}.Debug|Win32.Build.0 = Debug|Win32
		{4D206ABC-7DBF-7BD9-E1A6-DB4B482A6594}.Release|Win32.ActiveCfg = Release|Win32
		{4D206ABC-7DBF-7BD9-E1A6-DB4B482A6594}.Release|Win32.Build.0 = Release|Win32
		{90A56CF7-4A89-4192-1781-088524DE0821}.Debug|Win32.ActiveCfg = Debug|Win32
		{90A56CF7-4A89-4192-1781-088524DE0821}.Debug|Win32.Build.0 = Debug|Win32
		{90A56CF7-4A89-4192-1781-088524DE0821}.Release|Win32.ActiveCfg = Release|Win32
		{90A56CF7-4A89-4192-1781-088524DE0821}.Release|Win32.Build.0 = Release|Win32
		{7DB2DEFC-2719-36B7-ECD5-F18CC7098E90}.Debug|Win32.ActiveCfg = Debug|Win32
		{7DB2DEFC-2719-36B7-ECD5-F18CC7098E90}.Debug|Win32.Build.0 = Debug|Win32
		{7DB2DEFC-2719-36B7-ECD5-F18CC7098E90}.Release|Win32.ActiveCfg = Release|Win32
		{7DB2DEFC-2719-36B7-ECD5-F18CC7098E90}.Release|Win32.Build.0 = Release|Win32
		{02BEFB19-AACF-9B73-CE6E-9FA8BB4B714F}.Debug|Win32.ActiveCfg = Debug|Win32
		{02BEFB19-AACF-9B73-CE6E-9FA8BB4B714F}.Debug|Win32.Build.0 = Debug|Win32
		{02BEFB19-AACF-9B73-CE6E-9FA8BB4B714F}.Release|Win32.ActiveCfg = Release|Win32
		{02BEFB19-AACF-9B73-CE6E-9FA8BB4B714F}.Release|Win32.Build.0 = Release|Win32
		{997E4E23-3ADA-7DC0-272E-AD605DAA78C1}.Debug|Win32.ActiveCfg = Debug|Win32
		{997E4E23-3ADA-7DC0-272E-AD605DAA78C1}.Debug|Win32.Build.0 = Debug|Win32
		{997E4E23-3ADA-7DC0-272E-AD605DAA78C1}.Release|Win32.ActiveCfg = Release|Win32
		{997E4E23-3ADA-7DC0-272E-AD605DAA78C1}.Release|Win32.Build.0 = Release|Win32
		{1ADE4D43-4F17-3395-1427-E19944F1AE41}.Debug|Win32.ActiveCfg = Debug|Win32
		{1ADE4D43-4F17-3395-1427-E19944F1AE41}.Debug|Win32.Build.0 = Debug|Win32
		{1ADE4D43-4F17-3395-1427-E19944F1AE41}.Release|Win32.ActiveCfg = Release|Win32
		{1ADE4D43-4F17-3395-1427-E19944F1AE41}.Release|Win32.Build.0 = Release|Win32
		{49828534-328F-F253-C0DA-85A691B4312E}.Debug|Win32.ActiveCfg = Debug|Win32
		{49828534-328F-F253-C0DA-85A691B4312E}.Debug|Win32.Build.0 = Debug|Win32
		{49828534-328F-F253-C0DA-85A691B4312E}.Release|Win32.ActiveCfg = Release|Win32
		{49828534-328F-F253-C0DA-85A691B4312E}.Release|Win32.Build.0 = Release|Win32
		{892D9BD8-F38E-40BC-B4E1-FAEBD59AECDE}.Debug|Win32.ActiveCfg = Debug|Win32
		{892D9BD8-F38E-40BC-B4E1-FAEBD59AECDE}.Debug|Win32.Build.0 = Debug|Win32
		{892D9BD8-F38E-40BC-B4E1-FAEBD59AECDE}.Release|Win32.ActiveCfg = Release|Win32
		{892D9BD8-F38E-40BC-B4E1-FAEBD59AECDE}.Release|Win32.Build.0 = Release|Win32
		{F2FDC53D-1ECD-4CF1-BA3F-3E59A2484DB9}.Debug|Win32.ActiveCfg = Debug|Win32
		{F2FDC53D-1ECD-4CF1-BA3F-3E59A2484DB9}.Debug|Win32.Build.0 = Debug|Win32
		{F2FDC53D-1ECD-4CF1-BA3F-3E59A2484DB9}.Release|Win32.ActiveCfg = Release|Win32
		{F2FDC53D-1ECD-4CF1-BA3F-3E59A2484DB9}.Release|Win32.Build.0 = Release|Win32
	EndGlobalSection
	GlobalSection(SolutionProperties) = preSolution
		HideSolutionNode = FALSE
	EndGlobalSection
EndGlobal
