
Microsoft Visual Studio Solution File, Format Version 10.00
# Visual C++ Express 2008
Project("{8BC9CEB8-8B4A-11D0-8D11-00A0C91BC942}") = "audio", "audio.vcproj", "{BA0FC12D-5ED5-FCFE-DD98-FAE9D85C9FC2}"
	ProjectSection(ProjectDependencies) = postProject
		{8273822F-45A4-4BE3-82F3-B8B3223C578C} = {8273822F-45A4-4BE3-82F3-B8B3223C578C}
	EndProjectSection
EndProject
Project("{8BC9CEB8-8B4A-11D0-8D11-00A0C91BC942}") = "common", "common.vcproj", "{8273822F-45A4-4BE3-82F3-B8B3223C578C}"
EndProject
Project("{8BC9CEB8-8B4A-11D0-8D11-00A0C91BC942}") = "filesystem", "filesystem.vcproj", "{2E82BC23-19FB-068A-EF4A-7C91369FFC8F}"
	ProjectSection(ProjectDependencies) = postProject
		{8273822F-45A4-4BE3-82F3-B8B3223C578C} = {8273822F-45A4-4BE3-82F3-B8B3223C578C}
	EndProjectSection
EndProject
Project("{8BC9CEB8-8B4A-11D0-8D11-00A0C91BC942}") = "event", "event.vcproj", "{6FAF7CE7-283C-8F9D-C398-045C9CCF16BC}"
	ProjectSection(ProjectDependencies) = postProject
		{8273822F-45A4-4BE3-82F3-B8B3223C578C} = {8273822F-45A4-4BE3-82F3-B8B3223C578C}
	EndProjectSection
EndProject
Project("{8BC9CEB8-8B4A-11D0-8D11-00A0C91BC942}") = "font", "font.vcproj", "{9C9E90E2-325A-2362-0C6C-C0D36425D65C}"
	ProjectSection(ProjectDependencies) = postProject
		{8273822F-45A4-4BE3-82F3-B8B3223C578C} = {8273822F-45A4-4BE3-82F3-B8B3223C578C}
		{2E82BC23-19FB-068A-EF4A-7C91369FFC8F} = {2E82BC23-19FB-068A-EF4A-7C91369FFC8F}
	EndProjectSection
EndProject
Project("{8BC9CEB8-8B4A-11D0-8D11-00A0C91BC942}") = "image", "image.vcproj", "{B4AB1115-4A1B-5A81-626D-9BB2C67ACAA6}"
	ProjectSection(ProjectDependencies) = postProject
		{8273822F-45A4-4BE3-82F3-B8B3223C578C} = {8273822F-45A4-4BE3-82F3-B8B3223C578C}
	EndProjectSection
EndProject
Project("{8BC9CEB8-8B4A-11D0-8D11-00A0C91BC942}") = "joystick", "joystick.vcproj", "{B9BC5667-6841-528D-422C-B064849D8620}"
	ProjectSection(ProjectDependencies) = postProject
		{8273822F-45A4-4BE3-82F3-B8B3223C578C} = {8273822F-45A4-4BE3-82F3-B8B3223C578C}
	EndProjectSection
EndProject
Project("{8BC9CEB8-8B4A-11D0-8D11-00A0C91BC942}") = "keyboard", "keyboard.vcproj", "{D8648013-2A9D-AFEC-760A-DA3D2D6DDD6E}"
	ProjectSection(ProjectDependencies) = postProject
		{8273822F-45A4-4BE3-82F3-B8B3223C578C} = {8273822F-45A4-4BE3-82F3-B8B3223C578C}
	EndProjectSection
EndProject
Project("{8BC9CEB8-8B4A-11D0-8D11-00A0C91BC942}") = "mouse", "mouse.vcproj", "{B4EC48F6-808C-7CD7-CA18-0A165EC7ED2C}"
	ProjectSection(ProjectDependencies) = postProject
		{8273822F-45A4-4BE3-82F3-B8B3223C578C} = {8273822F-45A4-4BE3-82F3-B8B3223C578C}
	EndProjectSection
EndProject
Project("{8BC9CEB8-8B4A-11D0-8D11-00A0C91BC942}") = "native", "native.vcproj", "{612C0914-1557-E6DD-6619-362F6026A67F}"
	ProjectSection(ProjectDependencies) = postProject
		{8273822F-45A4-4BE3-82F3-B8B3223C578C} = {8273822F-45A4-4BE3-82F3-B8B3223C578C}
	EndProjectSection
EndProject
Project("{8BC9CEB8-8B4A-11D0-8D11-00A0C91BC942}") = "physics", "physics.vcproj", "{5CA04389-C0CB-F277-0E5E-3B80F8B63F83}"
	ProjectSection(ProjectDependencies) = postProject
		{8273822F-45A4-4BE3-82F3-B8B3223C578C} = {8273822F-45A4-4BE3-82F3-B8B3223C578C}
	EndProjectSection
EndProject
Project("{8BC9CEB8-8B4A-11D0-8D11-00A0C91BC942}") = "graphics", "graphics.vcproj", "{9F991E7D-FF31-60DB-466D-6E6A51DB513E}"
	ProjectSection(ProjectDependencies) = postProject
		{8273822F-45A4-4BE3-82F3-B8B3223C578C} = {8273822F-45A4-4BE3-82F3-B8B3223C578C}
		{9C9E90E2-325A-2362-0C6C-C0D36425D65C} = {9C9E90E2-325A-2362-0C6C-C0D36425D65C}
		{B4AB1115-4A1B-5A81-626D-9BB2C67ACAA6} = {B4AB1115-4A1B-5A81-626D-9BB2C67ACAA6}
		{2E82BC23-19FB-068A-EF4A-7C91369FFC8F} = {2E82BC23-19FB-068A-EF4A-7C91369FFC8F}
	EndProjectSection
EndProject
Project("{8BC9CEB8-8B4A-11D0-8D11-00A0C91BC942}") = "sound", "sound.vcproj", "{61A24CAA-E555-9976-C4F9-E6BB0944419E}"
	ProjectSection(ProjectDependencies) = postProject
		{8273822F-45A4-4BE3-82F3-B8B3223C578C} = {8273822F-45A4-4BE3-82F3-B8B3223C578C}
		{2E82BC23-19FB-068A-EF4A-7C91369FFC8F} = {2E82BC23-19FB-068A-EF4A-7C91369FFC8F}
	EndProjectSection
EndProject
Project("{8BC9CEB8-8B4A-11D0-8D11-00A0C91BC942}") = "timer", "timer.vcproj", "{D6FB3DE4-3542-86A3-F68F-EB29126DCC1D}"
	ProjectSection(ProjectDependencies) = postProject
		{8273822F-45A4-4BE3-82F3-B8B3223C578C} = {8273822F-45A4-4BE3-82F3-B8B3223C578C}
	EndProjectSection
EndProject
Project("{8BC9CEB8-8B4A-11D0-8D11-00A0C91BC942}") = "lua", "lua.vcproj", "{892D9BD8-F38E-40BC-B4E1-FAEBD59AECDE}"
EndProject
Project("{8BC9CEB8-8B4A-11D0-8D11-00A0C91BC942}") = "love", "love.vcproj", "{F2FDC53D-1ECD-4CF1-BA3F-3E59A2484DB9}"
EndProject
Global
	GlobalSection(SolutionConfigurationPlatforms) = preSolution
		Debug|Win32 = Debug|Win32
		Release|Win32 = Release|Win32
	EndGlobalSection
	GlobalSection(ProjectConfigurationPlatforms) = postSolution
		{BA0FC12D-5ED5-FCFE-DD98-FAE9D85C9FC2}.Debug|Win32.ActiveCfg = Debug|Win32
		{BA0FC12D-5ED5-FCFE-DD98-FAE9D85C9FC2}.Debug|Win32.Build.0 = Debug|Win32
		{BA0FC12D-5ED5-FCFE-DD98-FAE9D85C9FC2}.Release|Win32.ActiveCfg = Release|Win32
		{BA0FC12D-5ED5-FCFE-DD98-FAE9D85C9FC2}.Release|Win32.Build.0 = Release|Win32
		{8273822F-45A4-4BE3-82F3-B8B3223C578C}.Debug|Win32.ActiveCfg = Debug|Win32
		{8273822F-45A4-4BE3-82F3-B8B3223C578C}.Debug|Win32.Build.0 = Debug|Win32
		{8273822F-45A4-4BE3-82F3-B8B3223C578C}.Release|Win32.ActiveCfg = Release|Win32
		{8273822F-45A4-4BE3-82F3-B8B3223C578C}.Release|Win32.Build.0 = Release|Win32
		{2E82BC23-19FB-068A-EF4A-7C91369FFC8F}.Debug|Win32.ActiveCfg = Debug|Win32
		{2E82BC23-19FB-068A-EF4A-7C91369FFC8F}.Debug|Win32.Build.0 = Debug|Win32
		{2E82BC23-19FB-068A-EF4A-7C91369FFC8F}.Release|Win32.ActiveCfg = Release|Win32
		{2E82BC23-19FB-068A-EF4A-7C91369FFC8F}.Release|Win32.Build.0 = Release|Win32
		{6FAF7CE7-283C-8F9D-C398-045C9CCF16BC}.Debug|Win32.ActiveCfg = Debug|Win32
		{6FAF7CE7-283C-8F9D-C398-045C9CCF16BC}.Debug|Win32.Build.0 = Debug|Win32
		{6FAF7CE7-283C-8F9D-C398-045C9CCF16BC}.Release|Win32.ActiveCfg = Release|Win32
		{6FAF7CE7-283C-8F9D-C398-045C9CCF16BC}.Release|Win32.Build.0 = Release|Win32
		{9C9E90E2-325A-2362-0C6C-C0D36425D65C}.Debug|Win32.ActiveCfg = Debug|Win32
		{9C9E90E2-325A-2362-0C6C-C0D36425D65C}.Debug|Win32.Build.0 = Debug|Win32
		{9C9E90E2-325A-2362-0C6C-C0D36425D65C}.Release|Win32.ActiveCfg = Release|Win32
		{9C9E90E2-325A-2362-0C6C-C0D36425D65C}.Release|Win32.Build.0 = Release|Win32
		{B4AB1115-4A1B-5A81-626D-9BB2C67ACAA6}.Debug|Win32.ActiveCfg = Debug|Win32
		{B4AB1115-4A1B-5A81-626D-9BB2C67ACAA6}.Debug|Win32.Build.0 = Debug|Win32
		{B4AB1115-4A1B-5A81-626D-9BB2C67ACAA6}.Release|Win32.ActiveCfg = Release|Win32
		{B4AB1115-4A1B-5A81-626D-9BB2C67ACAA6}.Release|Win32.Build.0 = Release|Win32
		{B9BC5667-6841-528D-422C-B064849D8620}.Debug|Win32.ActiveCfg = Debug|Win32
		{B9BC5667-6841-528D-422C-B064849D8620}.Debug|Win32.Build.0 = Debug|Win32
		{B9BC5667-6841-528D-422C-B064849D8620}.Release|Win32.ActiveCfg = Release|Win32
		{B9BC5667-6841-528D-422C-B064849D8620}.Release|Win32.Build.0 = Release|Win32
		{D8648013-2A9D-AFEC-760A-DA3D2D6DDD6E}.Debug|Win32.ActiveCfg = Debug|Win32
		{D8648013-2A9D-AFEC-760A-DA3D2D6DDD6E}.Debug|Win32.Build.0 = Debug|Win32
		{D8648013-2A9D-AFEC-760A-DA3D2D6DDD6E}.Release|Win32.ActiveCfg = Release|Win32
		{D8648013-2A9D-AFEC-760A-DA3D2D6DDD6E}.Release|Win32.Build.0 = Release|Win32
		{B4EC48F6-808C-7CD7-CA18-0A165EC7ED2C}.Debug|Win32.ActiveCfg = Debug|Win32
		{B4EC48F6-808C-7CD7-CA18-0A165EC7ED2C}.Debug|Win32.Build.0 = Debug|Win32
		{B4EC48F6-808C-7CD7-CA18-0A165EC7ED2C}.Release|Win32.ActiveCfg = Release|Win32
		{B4EC48F6-808C-7CD7-CA18-0A165EC7ED2C}.Release|Win32.Build.0 = Release|Win32
		{612C0914-1557-E6DD-6619-362F6026A67F}.Debug|Win32.ActiveCfg = Debug|Win32
		{612C0914-1557-E6DD-6619-362F6026A67F}.Debug|Win32.Build.0 = Debug|Win32
		{612C0914-1557-E6DD-6619-362F6026A67F}.Release|Win32.ActiveCfg = Release|Win32
		{612C0914-1557-E6DD-6619-362F6026A67F}.Release|Win32.Build.0 = Release|Win32
		{5CA04389-C0CB-F277-0E5E-3B80F8B63F83}.Debug|Win32.ActiveCfg = Debug|Win32
		{5CA04389-C0CB-F277-0E5E-3B80F8B63F83}.Debug|Win32.Build.0 = Debug|Win32
		{5CA04389-C0CB-F277-0E5E-3B80F8B63F83}.Release|Win32.ActiveCfg = Release|Win32
		{5CA04389-C0CB-F277-0E5E-3B80F8B63F83}.Release|Win32.Build.0 = Release|Win32
		{9F991E7D-FF31-60DB-466D-6E6A51DB513E}.Debug|Win32.ActiveCfg = Debug|Win32
		{9F991E7D-FF31-60DB-466D-6E6A51DB513E}.Debug|Win32.Build.0 = Debug|Win32
		{9F991E7D-FF31-60DB-466D-6E6A51DB513E}.Release|Win32.ActiveCfg = Release|Win32
		{9F991E7D-FF31-60DB-466D-6E6A51DB513E}.Release|Win32.Build.0 = Release|Win32
		{61A24CAA-E555-9976-C4F9-E6BB0944419E}.Debug|Win32.ActiveCfg = Debug|Win32
		{61A24CAA-E555-9976-C4F9-E6BB0944419E}.Debug|Win32.Build.0 = Debug|Win32
		{61A24CAA-E555-9976-C4F9-E6BB0944419E}.Release|Win32.ActiveCfg = Release|Win32
		{61A24CAA-E555-9976-C4F9-E6BB0944419E}.Release|Win32.Build.0 = Release|Win32
		{D6FB3DE4-3542-86A3-F68F-EB29126DCC1D}.Debug|Win32.ActiveCfg = Debug|Win32
		{D6FB3DE4-3542-86A3-F68F-EB29126DCC1D}.Debug|Win32.Build.0 = Debug|Win32
		{D6FB3DE4-3542-86A3-F68F-EB29126DCC1D}.Release|Win32.ActiveCfg = Release|Win32
		{D6FB3DE4-3542-86A3-F68F-EB29126DCC1D}.Release|Win32.Build.0 = Release|Win32
		{892D9BD8-F38E-40BC-B4E1-FAEBD59AECDE}.Debug|Win32.ActiveCfg = Debug|Win32
		{892D9BD8-F38E-40BC-B4E1-FAEBD59AECDE}.Debug|Win32.Build.0 = Debug|Win32
		{892D9BD8-F38E-40BC-B4E1-FAEBD59AECDE}.Release|Win32.ActiveCfg = Release|Win32
		{892D9BD8-F38E-40BC-B4E1-FAEBD59AECDE}.Release|Win32.Build.0 = Release|Win32
		{F2FDC53D-1ECD-4CF1-BA3F-3E59A2484DB9}.Debug|Win32.ActiveCfg = Debug|Win32
		{F2FDC53D-1ECD-4CF1-BA3F-3E59A2484DB9}.Debug|Win32.Build.0 = Debug|Win32
		{F2FDC53D-1ECD-4CF1-BA3F-3E59A2484DB9}.Release|Win32.ActiveCfg = Release|Win32
		{F2FDC53D-1ECD-4CF1-BA3F-3E59A2484DB9}.Release|Win32.Build.0 = Release|Win32
	EndGlobalSection
	GlobalSection(SolutionProperties) = preSolution
		HideSolutionNode = FALSE
	EndGlobalSection
EndGlobal
