// !$*UTF8*$!
{
	archiveVersion = 1;
	classes = {
	};
	objectVersion = 46;
	objects = {

/* Begin PBXBuildFile section */
		8D11072F0486CEB800E47090 /* Cocoa.framework in Frameworks */ = {isa = PBXBuildFile; fileRef = 1058C7A1FEA54F0111CA2CBB /* Cocoa.framework */; };
		A911D3C915DFF25D005B7EB8 /* Game_Music_Emu.framework in Copy Frameworks */ = {isa = PBXBuildFile; fileRef = A911D3C715DFF24D005B7EB8 /* Game_Music_Emu.framework */; };
		A9255DD11043183600BA1496 /* FreeType.framework in Copy Frameworks */ = {isa = PBXBuildFile; fileRef = A93E6E4810420B4A007D418B /* FreeType.framework */; };
		A9255DD21043183600BA1496 /* SDL.framework in Copy Frameworks */ = {isa = PBXBuildFile; fileRef = A93E6E5210420B57007D418B /* SDL.framework */; };
		A9255DD31043183600BA1496 /* Lua.framework in Copy Frameworks */ = {isa = PBXBuildFile; fileRef = A93E6E5310420B57007D418B /* Lua.framework */; };
		A9255DEC1043188D00BA1496 /* SDLMain.m in Sources */ = {isa = PBXBuildFile; fileRef = A9255DEA1043188D00BA1496 /* SDLMain.m */; };
		A9255E031043195A00BA1496 /* Vorbis.framework in Copy Frameworks */ = {isa = PBXBuildFile; fileRef = A9255E021043195A00BA1496 /* Vorbis.framework */; };
		A9255F431043240F00BA1496 /* IL.framework in Copy Frameworks */ = {isa = PBXBuildFile; fileRef = A9255F421043240F00BA1496 /* IL.framework */; };
		A9255F58104324E100BA1496 /* Ogg.framework in Copy Frameworks */ = {isa = PBXBuildFile; fileRef = A9255F51104324D700BA1496 /* Ogg.framework */; };
		A93E6E4A10420B4A007D418B /* OpenGL.framework in Frameworks */ = {isa = PBXBuildFile; fileRef = A93E6E4710420B4A007D418B /* OpenGL.framework */; };
		A93E6E5410420B57007D418B /* SDL.framework in Frameworks */ = {isa = PBXBuildFile; fileRef = A93E6E5210420B57007D418B /* SDL.framework */; };
		A93E6E5510420B57007D418B /* Lua.framework in Frameworks */ = {isa = PBXBuildFile; fileRef = A93E6E5310420B57007D418B /* Lua.framework */; };
		A93E6EED10420BA8007D418B /* love.cpp in Sources */ = {isa = PBXBuildFile; fileRef = A93E6A3410420AC0007D418B /* love.cpp */; };
		A9D307F2106635D3004FEDF8 /* physfs.framework in Copy Frameworks */ = {isa = PBXBuildFile; fileRef = A9D307E9106635C3004FEDF8 /* physfs.framework */; };
		A9DEC1C11046EFA70049C70C /* Love.icns in Resources */ = {isa = PBXBuildFile; fileRef = A9DEC1BF1046EFA60049C70C /* Love.icns */; };
		A9DEC1C21046EFA70049C70C /* LoveDocument.icns in Resources */ = {isa = PBXBuildFile; fileRef = A9DEC1C01046EFA70049C70C /* LoveDocument.icns */; };
		A9F169AC109E825000FC83D1 /* mpg123.framework in Copy Frameworks */ = {isa = PBXBuildFile; fileRef = A9F169A6109E824900FC83D1 /* mpg123.framework */; };
		A9F169AD109E825000FC83D1 /* libmodplug.framework in Copy Frameworks */ = {isa = PBXBuildFile; fileRef = A9F16926109E7BAD00FC83D1 /* libmodplug.framework */; };
		FA08F69616C766E000F007B5 /* love.framework in Frameworks */ = {isa = PBXBuildFile; fileRef = FA08F69116C765A200F007B5 /* love.framework */; };
		FA08F69716C766E700F007B5 /* love.framework in Copy Frameworks */ = {isa = PBXBuildFile; fileRef = FA08F69116C765A200F007B5 /* love.framework */; };
/* End PBXBuildFile section */

/* Begin PBXContainerItemProxy section */
		FA08F6A616C77A4300F007B5 /* PBXContainerItemProxy */ = {
			isa = PBXContainerItemProxy;
			containerPortal = FA577A9316C7217800860150 /* love-framework.xcodeproj */;
			proxyType = 2;
			remoteGlobalIDString = FA577AAF16C7507900860150;
			remoteInfo = "love framework";
		};
/* End PBXContainerItemProxy section */

/* Begin PBXCopyFilesBuildPhase section */
		A9255DDE1043185300BA1496 /* Copy Frameworks */ = {
			isa = PBXCopyFilesBuildPhase;
			buildActionMask = 2147483647;
			dstPath = "";
			dstSubfolderSpec = 10;
			files = (
				FA08F69716C766E700F007B5 /* love.framework in Copy Frameworks */,
				A9F169AC109E825000FC83D1 /* mpg123.framework in Copy Frameworks */,
				A9F169AD109E825000FC83D1 /* libmodplug.framework in Copy Frameworks */,
				A9D307F2106635D3004FEDF8 /* physfs.framework in Copy Frameworks */,
				A9255F58104324E100BA1496 /* Ogg.framework in Copy Frameworks */,
				A9255F431043240F00BA1496 /* IL.framework in Copy Frameworks */,
				A9255E031043195A00BA1496 /* Vorbis.framework in Copy Frameworks */,
				A9255DD11043183600BA1496 /* FreeType.framework in Copy Frameworks */,
				A9255DD21043183600BA1496 /* SDL.framework in Copy Frameworks */,
				A9255DD31043183600BA1496 /* Lua.framework in Copy Frameworks */,
				A911D3C915DFF25D005B7EB8 /* Game_Music_Emu.framework in Copy Frameworks */,
			);
			name = "Copy Frameworks";
			runOnlyForDeploymentPostprocessing = 0;
		};
/* End PBXCopyFilesBuildPhase section */

/* Begin PBXFileReference section */
		1058C7A1FEA54F0111CA2CBB /* Cocoa.framework */ = {isa = PBXFileReference; lastKnownFileType = wrapper.framework; name = Cocoa.framework; path = /System/Library/Frameworks/Cocoa.framework; sourceTree = "<absolute>"; };
		8D1107320486CEB800E47090 /* love.app */ = {isa = PBXFileReference; explicitFileType = wrapper.application; includeInIndex = 0; path = love.app; sourceTree = BUILT_PRODUCTS_DIR; };
		A911D3C715DFF24D005B7EB8 /* Game_Music_Emu.framework */ = {isa = PBXFileReference; lastKnownFileType = wrapper.framework; name = Game_Music_Emu.framework; path = /Library/Frameworks/Game_Music_Emu.framework; sourceTree = "<absolute>"; };
		A9255DEA1043188D00BA1496 /* SDLMain.m */ = {isa = PBXFileReference; fileEncoding = 4; lastKnownFileType = sourcecode.c.objc; path = SDLMain.m; sourceTree = "<group>"; };
		A9255DEB1043188D00BA1496 /* SDLMain.h */ = {isa = PBXFileReference; fileEncoding = 4; lastKnownFileType = sourcecode.c.h; path = SDLMain.h; sourceTree = "<group>"; };
		A9255E021043195A00BA1496 /* Vorbis.framework */ = {isa = PBXFileReference; lastKnownFileType = wrapper.framework; name = Vorbis.framework; path = /Library/Frameworks/Vorbis.framework; sourceTree = "<absolute>"; };
		A9255F421043240F00BA1496 /* IL.framework */ = {isa = PBXFileReference; lastKnownFileType = wrapper.framework; name = IL.framework; path = /Library/Frameworks/IL.framework; sourceTree = "<absolute>"; };
		A9255F51104324D700BA1496 /* Ogg.framework */ = {isa = PBXFileReference; lastKnownFileType = wrapper.framework; name = Ogg.framework; path = /Library/Frameworks/Ogg.framework; sourceTree = "<absolute>"; };
		A93E6A3410420AC0007D418B /* love.cpp */ = {isa = PBXFileReference; fileEncoding = 4; lastKnownFileType = sourcecode.cpp.cpp; name = love.cpp; path = ../../src/love.cpp; sourceTree = "<group>"; };
		A93E6E4610420B4A007D418B /* OpenAL.framework */ = {isa = PBXFileReference; lastKnownFileType = wrapper.framework; name = OpenAL.framework; path = System/Library/Frameworks/OpenAL.framework; sourceTree = SDKROOT; };
		A93E6E4710420B4A007D418B /* OpenGL.framework */ = {isa = PBXFileReference; lastKnownFileType = wrapper.framework; name = OpenGL.framework; path = /System/Library/Frameworks/OpenGL.framework; sourceTree = "<absolute>"; };
		A93E6E4810420B4A007D418B /* FreeType.framework */ = {isa = PBXFileReference; lastKnownFileType = wrapper.framework; name = FreeType.framework; path = /Library/Frameworks/FreeType.framework; sourceTree = "<absolute>"; };
		A93E6E5210420B57007D418B /* SDL.framework */ = {isa = PBXFileReference; lastKnownFileType = wrapper.framework; name = SDL.framework; path = /Library/Frameworks/SDL.framework; sourceTree = "<absolute>"; };
		A93E6E5310420B57007D418B /* Lua.framework */ = {isa = PBXFileReference; lastKnownFileType = wrapper.framework; name = Lua.framework; path = /Library/Frameworks/Lua.framework; sourceTree = "<absolute>"; };
		A97E3842132A9EDE00198A2F /* love-Info.plist */ = {isa = PBXFileReference; fileEncoding = 4; lastKnownFileType = text.plist.xml; path = "love-Info.plist"; sourceTree = "<group>"; };
		A9B1AE451197293000D496EB /* love_Prefix.pch */ = {isa = PBXFileReference; fileEncoding = 4; lastKnownFileType = sourcecode.c.h; path = love_Prefix.pch; sourceTree = "<group>"; };
		A9D307E9106635C3004FEDF8 /* physfs.framework */ = {isa = PBXFileReference; lastKnownFileType = wrapper.framework; name = physfs.framework; path = /Library/Frameworks/physfs.framework; sourceTree = "<absolute>"; };
		A9DEC1BF1046EFA60049C70C /* Love.icns */ = {isa = PBXFileReference; lastKnownFileType = image.icns; name = Love.icns; path = icons/Love.icns; sourceTree = "<group>"; };
		A9DEC1C01046EFA70049C70C /* LoveDocument.icns */ = {isa = PBXFileReference; lastKnownFileType = image.icns; name = LoveDocument.icns; path = icons/LoveDocument.icns; sourceTree = "<group>"; };
		A9F16926109E7BAD00FC83D1 /* libmodplug.framework */ = {isa = PBXFileReference; lastKnownFileType = wrapper.framework; name = libmodplug.framework; path = /Library/Frameworks/libmodplug.framework; sourceTree = "<absolute>"; };
		A9F169A6109E824900FC83D1 /* mpg123.framework */ = {isa = PBXFileReference; lastKnownFileType = wrapper.framework; name = mpg123.framework; path = /Library/Frameworks/mpg123.framework; sourceTree = "<absolute>"; };
		FA08F69116C765A200F007B5 /* love.framework */ = {isa = PBXFileReference; lastKnownFileType = wrapper.framework; path = love.framework; sourceTree = BUILT_PRODUCTS_DIR; };
		FA577A9316C7217800860150 /* love-framework.xcodeproj */ = {isa = PBXFileReference; lastKnownFileType = "wrapper.pb-project"; path = "love-framework.xcodeproj"; sourceTree = "<group>"; };
/* End PBXFileReference section */

/* Begin PBXFrameworksBuildPhase section */
		8D11072E0486CEB800E47090 /* Frameworks */ = {
			isa = PBXFrameworksBuildPhase;
			buildActionMask = 2147483647;
			files = (
				FA08F69616C766E000F007B5 /* love.framework in Frameworks */,
				8D11072F0486CEB800E47090 /* Cocoa.framework in Frameworks */,
				A93E6E4A10420B4A007D418B /* OpenGL.framework in Frameworks */,
				A93E6E5410420B57007D418B /* SDL.framework in Frameworks */,
				A93E6E5510420B57007D418B /* Lua.framework in Frameworks */,
			);
			runOnlyForDeploymentPostprocessing = 0;
		};
/* End PBXFrameworksBuildPhase section */

/* Begin PBXGroup section */
		1058C7A0FEA54F0111CA2CBB /* Frameworks */ = {
			isa = PBXGroup;
			children = (
				FA08F69116C765A200F007B5 /* love.framework */,
				1058C7A1FEA54F0111CA2CBB /* Cocoa.framework */,
				A93E6E4810420B4A007D418B /* FreeType.framework */,
				A911D3C715DFF24D005B7EB8 /* Game_Music_Emu.framework */,
				A9255F421043240F00BA1496 /* IL.framework */,
				A9F16926109E7BAD00FC83D1 /* libmodplug.framework */,
				A93E6E5310420B57007D418B /* Lua.framework */,
				A9F169A6109E824900FC83D1 /* mpg123.framework */,
				A9255F51104324D700BA1496 /* Ogg.framework */,
				A93E6E4610420B4A007D418B /* OpenAL.framework */,
				A93E6E4710420B4A007D418B /* OpenGL.framework */,
				A9D307E9106635C3004FEDF8 /* physfs.framework */,
				A93E6E5210420B57007D418B /* SDL.framework */,
				A9255E021043195A00BA1496 /* Vorbis.framework */,
			);
			name = Frameworks;
			sourceTree = "<group>";
		};
		19C28FACFE9D520D11CA2CBB /* Products */ = {
			isa = PBXGroup;
			children = (
				8D1107320486CEB800E47090 /* love.app */,
			);
			name = Products;
			sourceTree = "<group>";
		};
		29B97314FDCFA39411CA2CEA /* love */ = {
			isa = PBXGroup;
			children = (
				FA577A9D16C7262E00860150 /* Source */,
				1058C7A0FEA54F0111CA2CBB /* Frameworks */,
				29B97317FDCFA39411CA2CEA /* Resources */,
				19C28FACFE9D520D11CA2CBB /* Products */,
				FA577A9316C7217800860150 /* love-framework.xcodeproj */,
			);
			name = love;
			sourceTree = "<group>";
			usesTabs = 1;
		};
		29B97317FDCFA39411CA2CEA /* Resources */ = {
			isa = PBXGroup;
			children = (
				A97E3842132A9EDE00198A2F /* love-Info.plist */,
				A9DEC1BF1046EFA60049C70C /* Love.icns */,
				A9DEC1C01046EFA70049C70C /* LoveDocument.icns */,
			);
			name = Resources;
			sourceTree = "<group>";
		};
		FA08F6A316C77A4300F007B5 /* Products */ = {
			isa = PBXGroup;
			children = (
				FA08F6A716C77A4300F007B5 /* love.framework */,
			);
			name = Products;
			sourceTree = "<group>";
		};
		FA577A9D16C7262E00860150 /* Source */ = {
			isa = PBXGroup;
			children = (
				A93E6A3410420AC0007D418B /* love.cpp */,
				A9255DEA1043188D00BA1496 /* SDLMain.m */,
				A9255DEB1043188D00BA1496 /* SDLMain.h */,
				A9B1AE451197293000D496EB /* love_Prefix.pch */,
			);
			name = Source;
			sourceTree = "<group>";
		};
/* End PBXGroup section */

/* Begin PBXNativeTarget section */
		8D1107260486CEB800E47090 /* love */ = {
			isa = PBXNativeTarget;
			buildConfigurationList = C01FCF4A08A954540054247B /* Build configuration list for PBXNativeTarget "love" */;
			buildPhases = (
				8D1107290486CEB800E47090 /* Resources */,
				8D11072C0486CEB800E47090 /* Sources */,
				A9255DDE1043185300BA1496 /* Copy Frameworks */,
				8D11072E0486CEB800E47090 /* Frameworks */,
			);
			buildRules = (
			);
			dependencies = (
			);
			name = love;
			productInstallPath = "$(HOME)/Applications";
			productName = love;
			productReference = 8D1107320486CEB800E47090 /* love.app */;
			productType = "com.apple.product-type.application";
		};
/* End PBXNativeTarget section */

/* Begin PBXProject section */
		29B97313FDCFA39411CA2CEA /* Project object */ = {
			isa = PBXProject;
			attributes = {
				LastUpgradeCheck = 0460;
			};
			buildConfigurationList = C01FCF4E08A954540054247B /* Build configuration list for PBXProject "love" */;
			compatibilityVersion = "Xcode 3.2";
			developmentRegion = English;
			hasScannedForEncodings = 1;
			knownRegions = (
				English,
				Japanese,
				French,
				German,
			);
			mainGroup = 29B97314FDCFA39411CA2CEA /* love */;
			projectDirPath = "";
			projectReferences = (
				{
					ProductGroup = FA08F6A316C77A4300F007B5 /* Products */;
					ProjectRef = FA577A9316C7217800860150 /* love-framework.xcodeproj */;
				},
			);
			projectRoot = "";
			targets = (
				8D1107260486CEB800E47090 /* love */,
			);
		};
/* End PBXProject section */

/* Begin PBXReferenceProxy section */
		FA08F6A716C77A4300F007B5 /* love.framework */ = {
			isa = PBXReferenceProxy;
			fileType = wrapper.framework;
			name = "love.framework";
			path = love.framework;
			remoteRef = FA08F6A616C77A4300F007B5 /* PBXContainerItemProxy */;
			sourceTree = BUILT_PRODUCTS_DIR;
		};
/* End PBXReferenceProxy section */

/* Begin PBXResourcesBuildPhase section */
		8D1107290486CEB800E47090 /* Resources */ = {
			isa = PBXResourcesBuildPhase;
			buildActionMask = 2147483647;
			files = (
				A9DEC1C11046EFA70049C70C /* Love.icns in Resources */,
				A9DEC1C21046EFA70049C70C /* LoveDocument.icns in Resources */,
			);
			runOnlyForDeploymentPostprocessing = 0;
		};
/* End PBXResourcesBuildPhase section */

/* Begin PBXSourcesBuildPhase section */
		8D11072C0486CEB800E47090 /* Sources */ = {
			isa = PBXSourcesBuildPhase;
			buildActionMask = 2147483647;
			files = (
				A93E6EED10420BA8007D418B /* love.cpp in Sources */,
				A9255DEC1043188D00BA1496 /* SDLMain.m in Sources */,
			);
			runOnlyForDeploymentPostprocessing = 0;
		};
/* End PBXSourcesBuildPhase section */

/* Begin XCBuildConfiguration section */
		C01FCF4B08A954540054247B /* Debug */ = {
			isa = XCBuildConfiguration;
			buildSettings = {
				COMBINE_HIDPI_IMAGES = YES;
				COPY_PHASE_STRIP = NO;
				FRAMEWORK_SEARCH_PATHS = (
					"$(inherited)",
					"\"$(SRCROOT)/build/Release\"",
					"\"$(SRCROOT)/build/Debug\"",
				);
				GCC_DYNAMIC_NO_PIC = NO;
				GCC_OPTIMIZATION_LEVEL = 0;
				GCC_PRECOMPILE_PREFIX_HEADER = YES;
				GCC_PREFIX_HEADER = love_Prefix.pch;
				HEADER_SEARCH_PATHS = (
					"\"$(SRCROOT)/../../src\"",
					"\"$(SRCROOT)/../../src/libraries\"",
					"\"$(SRCROOT)/../../src/modules\"",
					/Library/Frameworks/Lua.framework/Headers,
					/Library/Frameworks/SDL.framework/Headers,
				);
				INSTALL_PATH = /Applications;
				PRODUCT_NAME = love;
			};
			name = Debug;
		};
		C01FCF4C08A954540054247B /* Release */ = {
			isa = XCBuildConfiguration;
			buildSettings = {
				COMBINE_HIDPI_IMAGES = YES;
				DEBUG_INFORMATION_FORMAT = "dwarf-with-dsym";
				FRAMEWORK_SEARCH_PATHS = (
					"$(inherited)",
					"\"$(SRCROOT)/build/Release\"",
					"\"$(SRCROOT)/build/Debug\"",
				);
				GCC_PRECOMPILE_PREFIX_HEADER = YES;
				GCC_PREFIX_HEADER = love_Prefix.pch;
				HEADER_SEARCH_PATHS = (
					"\"$(SRCROOT)/../../src\"",
					"\"$(SRCROOT)/../../src/libraries\"",
					"\"$(SRCROOT)/../../src/modules\"",
					/Library/Frameworks/Lua.framework/Headers,
					/Library/Frameworks/SDL.framework/Headers,
				);
				INSTALL_PATH = /Applications;
				PRODUCT_NAME = love;
				STRIP_INSTALLED_PRODUCT = YES;
			};
			name = Release;
		};
		C01FCF4F08A954540054247B /* Debug */ = {
			isa = XCBuildConfiguration;
			buildSettings = {
				ALWAYS_SEARCH_USER_PATHS = NO;
				ARCHS = "$(ARCHS_STANDARD_32_64_BIT)";
				FRAMEWORK_SEARCH_PATHS = /Library/Frameworks;
				GCC_INCREASE_PRECOMPILED_HEADER_SHARING = YES;
				GCC_OPTIMIZATION_LEVEL = 0;
				GCC_TREAT_IMPLICIT_FUNCTION_DECLARATIONS_AS_ERRORS = NO;
				GCC_WARN_ABOUT_MISSING_NEWLINE = NO;
				GCC_WARN_ABOUT_MISSING_PROTOTYPES = NO;
				GCC_WARN_ABOUT_POINTER_SIGNEDNESS = YES;
				GCC_WARN_ABOUT_RETURN_TYPE = NO;
				GCC_WARN_CHECK_SWITCH_STATEMENTS = YES;
				GCC_WARN_FOUR_CHARACTER_CONSTANTS = NO;
				GCC_WARN_HIDDEN_VIRTUAL_FUNCTIONS = NO;
				GCC_WARN_INITIALIZER_NOT_FULLY_BRACKETED = NO;
				GCC_WARN_MISSING_PARENTHESES = NO;
				GCC_WARN_NON_VIRTUAL_DESTRUCTOR = NO;
				GCC_WARN_PEDANTIC = NO;
				GCC_WARN_SHADOW = NO;
				GCC_WARN_SIGN_COMPARE = YES;
				GCC_WARN_TYPECHECK_CALLS_TO_PRINTF = NO;
				GCC_WARN_UNUSED_VARIABLE = YES;
				HEADER_SEARCH_PATHS = (
					"\"$(SRCROOT)/../../src\"",
					"\"$(SRCROOT)/../../src/libraries\"",
					"\"$(SRCROOT)/../../src/modules\"",
					/Library/Frameworks/Lua.framework/Headers,
					/Library/Frameworks/FreeType.framework/Headers,
					/Library/Frameworks/SDL.framework/Headers,
				);
				INFOPLIST_FILE = "love-Info.plist";
				LD_RUNPATH_SEARCH_PATHS = "@loader_path/../Frameworks @loader_path/../Libraries";
				MACOSX_DEPLOYMENT_TARGET = 10.5;
				ONLY_ACTIVE_ARCH = YES;
				OTHER_LDFLAGS = "";
				PRODUCT_NAME = love;
				WARNING_CFLAGS = (
					"-Wall",
					"-W",
				);
			};
			name = Debug;
		};
		C01FCF5008A954540054247B /* Release */ = {
			isa = XCBuildConfiguration;
			buildSettings = {
				ALWAYS_SEARCH_USER_PATHS = NO;
				ARCHS = "$(ARCHS_STANDARD_32_64_BIT)";
				DEPLOYMENT_POSTPROCESSING = NO;
				FRAMEWORK_SEARCH_PATHS = /Library/Frameworks;
				GCC_INPUT_FILETYPE = automatic;
				GCC_TREAT_IMPLICIT_FUNCTION_DECLARATIONS_AS_ERRORS = NO;
				GCC_WARN_ABOUT_MISSING_NEWLINE = NO;
				GCC_WARN_ABOUT_MISSING_PROTOTYPES = NO;
				GCC_WARN_ABOUT_POINTER_SIGNEDNESS = YES;
				GCC_WARN_ABOUT_RETURN_TYPE = NO;
				GCC_WARN_CHECK_SWITCH_STATEMENTS = YES;
				GCC_WARN_FOUR_CHARACTER_CONSTANTS = NO;
				GCC_WARN_HIDDEN_VIRTUAL_FUNCTIONS = NO;
				GCC_WARN_INITIALIZER_NOT_FULLY_BRACKETED = NO;
				GCC_WARN_MISSING_PARENTHESES = NO;
				GCC_WARN_NON_VIRTUAL_DESTRUCTOR = NO;
				GCC_WARN_PEDANTIC = NO;
				GCC_WARN_SHADOW = NO;
				GCC_WARN_SIGN_COMPARE = YES;
				GCC_WARN_TYPECHECK_CALLS_TO_PRINTF = NO;
				GCC_WARN_UNUSED_PARAMETER = NO;
				GCC_WARN_UNUSED_VALUE = NO;
				GCC_WARN_UNUSED_VARIABLE = YES;
				HEADER_SEARCH_PATHS = (
					"\"$(SRCROOT)/../../src\"",
					"\"$(SRCROOT)/../../src/libraries\"",
					"\"$(SRCROOT)/../../src/modules\"",
					/Library/Frameworks/Lua.framework/Headers,
					/Library/Frameworks/FreeType.framework/Headers,
					/Library/Frameworks/SDL.framework/Headers,
				);
				INFOPLIST_FILE = "love-Info.plist";
				LD_RUNPATH_SEARCH_PATHS = "@loader_path/../Frameworks @loader_path/../Libraries";
				LLVM_LTO = YES;
				MACOSX_DEPLOYMENT_TARGET = 10.5;
				ONLY_ACTIVE_ARCH = NO;
				OTHER_LDFLAGS = "";
				PRODUCT_NAME = love;
				SCAN_ALL_SOURCE_FILES_FOR_INCLUDES = YES;
				WARNING_CFLAGS = (
					"-Wall",
					"-W",
				);
			};
			name = Release;
		};
/* End XCBuildConfiguration section */

/* Begin XCConfigurationList section */
		C01FCF4A08A954540054247B /* Build configuration list for PBXNativeTarget "love" */ = {
			isa = XCConfigurationList;
			buildConfigurations = (
				C01FCF4B08A954540054247B /* Debug */,
				C01FCF4C08A954540054247B /* Release */,
			);
			defaultConfigurationIsVisible = 0;
			defaultConfigurationName = Release;
		};
		C01FCF4E08A954540054247B /* Build configuration list for PBXProject "love" */ = {
			isa = XCConfigurationList;
			buildConfigurations = (
				C01FCF4F08A954540054247B /* Debug */,
				C01FCF5008A954540054247B /* Release */,
			);
			defaultConfigurationIsVisible = 0;
			defaultConfigurationName = Release;
		};
/* End XCConfigurationList section */
	};
	rootObject = 29B97313FDCFA39411CA2CEA /* Project object */;
}
